{
  "name": "solidity",
  "lockfileVersion": 3,
  "requires": true,
  "packages": {
    "": {
      "dependencies": {
        "@onchain-id/solidity": "^2.2.0",
        "@openzeppelin/contracts": "^5.0.0"
      }
    },
    "node_modules/@onchain-id/solidity": {
      "version": "2.2.0",
      "resolved": "https://registry.npmjs.org/@onchain-id/solidity/-/solidity-2.2.0.tgz",
      "integrity": "sha512-rUE5kFToihuvRAhtZXihOrpsqPOxN66v9hmTzlZOQJ2B+yKruLg4/nU/sJ7VCnheW4IeEm8OlA2oUJsdm1j88w=="
    },
    "node_modules/@openzeppelin/contracts": {
      "version": "5.0.0",
      "resolved": "https://registry.npmjs.org/@openzeppelin/contracts/-/contracts-5.0.0.tgz",
      "integrity": "sha512-bv2sdS6LKqVVMLI5+zqnNrNU/CA+6z6CmwFXm/MzmOPBRSO5reEJN7z0Gbzvs0/bv/MZZXNklubpwy3v2+azsw=="
    }
  }
}
